
Microsoft Visual Studio Solution File, Format Version 12.00
# Visual Studio Version 17
VisualStudioVersion = 17.2.32602.215
MinimumVisualStudioVersion = 10.0.40219.1
Project("{9A19103F-16F7-4668-BE54-9A1E7A4F7556}") = "Kafka.Producer.Application", "Kafka.Producer.Application\Kafka.Producer.Application.csproj", "{7EEA6647-6DFA-44AA-B3A6-5D5AF290C0E5}"
EndProject
Project("{9A19103F-16F7-4668-BE54-9A1E7A4F7556}") = "Kafka.Producer.WebApi", "Kafka.Producer.WebApi\Kafka.Producer.WebApi.csproj", "{A72BB5EE-6F00-43EB-BF54-798304FA95E8}"
EndProject
Global
	GlobalSection(SolutionConfigurationPlatforms) = preSolution
		Debug|Any CPU = Debug|Any CPU
		Release|Any CPU = Release|Any CPU
	EndGlobalSection
	GlobalSection(ProjectConfigurationPlatforms) = postSolution
		{7EEA6647-6DFA-44AA-B3A6-5D5AF290C0E5}.Debug|Any CPU.ActiveCfg = Debug|Any CPU
		{7EEA6647-6DFA-44AA-B3A6-5D5AF290C0E5}.Debug|Any CPU.Build.0 = Debug|Any CPU
		{7EEA6647-6DFA-44AA-B3A6-5D5AF290C0E5}.Release|Any CPU.ActiveCfg = Release|Any CPU
		{7EEA6647-6DFA-44AA-B3A6-5D5AF290C0E5}.Release|Any CPU.Build.0 = Release|Any CPU
		{A72BB5EE-6F00-43EB-BF54-798304FA95E8}.Debug|Any CPU.ActiveCfg = Debug|Any CPU
		{A72BB5EE-6F00-43EB-BF54-798304FA95E8}.Debug|Any CPU.Build.0 = Debug|Any CPU
		{A72BB5EE-6F00-43EB-BF54-798304FA95E8}.Release|Any CPU.ActiveCfg = Release|Any CPU
		{A72BB5EE-6F00-43EB-BF54-798304FA95E8}.Release|Any CPU.Build.0 = Release|Any CPU
	EndGlobalSection
	GlobalSection(SolutionProperties) = preSolution
		HideSolutionNode = FALSE
	EndGlobalSection
	GlobalSection(ExtensibilityGlobals) = postSolution
		SolutionGuid = {06FF9194-8AC0-4431-99C7-FBC4F9107AA6}
	EndGlobalSection
EndGlobal
